# This file is automatically @generated by Cargo.
# It is not intended for manual editing.
version = 3

[[package]]
name = "test-crate"
version = "0.1.0"
dependencies = [
  "serde 1.0.193",
  "tokio 1.35.1",
]

[[package]]
name = "serde"
version = "1.0.193"
source = "registry+https://github.com/rust-lang/crates.io-index"
checksum = "25dd0975d2f922c678e1efebb5a56f847e9ca57f0cae1cf6b62a3a8730ceb311"
dependencies = ["serde_derive 1.0.193"]

[[package]]
name = "serde_derive"
version = "1.0.193"
source = "registry+https://github.com/rust-lang/crates.io-index"
checksum = "43576ca501357b9b071ac53cdc7da8ef0cbd9493d8df094cd821777ea6e894d3"
dependencies = ["proc-macro2 1.0.70"]

[[package]]
name = "proc-macro2"
version = "1.0.70"
source = "registry+https://github.com/rust-lang/crates.io-index"
checksum = "39278fbbf5fb4f646ce651690877f89d1c5811a3d4acb27700c1cb3cdb78fd3b"

[[package]]
name = "tokio"
version = "1.35.1"
source = "registry+https://github.com/rust-lang/crates.io-index"
checksum = "c89b4efa943be685f629b149f53829423f8f5531ea21249408e8e2f8671ec9b0"
