# This file is generated by running "yarn install" inside your project.
# Manual changes might be lost - proceed with caution!

__metadata:
  version: 8
  cacheKey: 10

"lodash@npm:^4.17.21":
  version: 4.17.21
  resolution: "lodash@npm:4.17.21"
  checksum: 10c0/abcdef

"@babel/core@npm:^7.0.0":
  version: 7.20.0
  resolution: "@babel/core@npm:7.20.0"
  dependencies:
    "@babel/code-frame": "npm:^7.0.0"
  checksum: 10c0/123456

"sbomix-fixture@workspace:.":
  version: 0.0.0-use.local
  resolution: "sbomix-fixture@workspace:."
